// !$*UTF8*$!
{
	archiveVersion = 1;
	classes = {
	};
	objectVersion = 46;
	objects = {

/* Begin PBXBuildFile section */
		AE5AA6A61B4C858700C2DD6F /* Nimble.framework in Frameworks */ = {isa = PBXBuildFile; fileRef = AE5AA6A51B4C857E00C2DD6F /* Nimble.framework */; };
		AE5AA6B81B4C87F200C2DD6F /* ExampleSpec.swift in Sources */ = {isa = PBXBuildFile; fileRef = AE5AA6A71B4C871100C2DD6F /* ExampleSpec.swift */; };
		AE5AA6D81B4CA46F00C2DD6F /* NimbleCedarAssertionHandler.swift in Sources */ = {isa = PBXBuildFile; fileRef = AE5AA6D71B4CA46F00C2DD6F /* NimbleCedarAssertionHandler.swift */; };
		AE884D961B4C38B2008BB3BC /* AppDelegate.swift in Sources */ = {isa = PBXBuildFile; fileRef = AE884D951B4C38B2008BB3BC /* AppDelegate.swift */; };
		AE884D981B4C38B2008BB3BC /* ViewController.swift in Sources */ = {isa = PBXBuildFile; fileRef = AE884D971B4C38B2008BB3BC /* ViewController.swift */; };
		AE884D9B1B4C38B2008BB3BC /* Main.storyboard in Resources */ = {isa = PBXBuildFile; fileRef = AE884D991B4C38B2008BB3BC /* Main.storyboard */; };
		AE884D9D1B4C38B2008BB3BC /* Images.xcassets in Resources */ = {isa = PBXBuildFile; fileRef = AE884D9C1B4C38B2008BB3BC /* Images.xcassets */; };
		AE884DA01B4C38B2008BB3BC /* LaunchScreen.xib in Resources */ = {isa = PBXBuildFile; fileRef = AE884D9E1B4C38B2008BB3BC /* LaunchScreen.xib */; };
		AE884DBE1B4C3B94008BB3BC /* SpecsAppDelegate.swift in Sources */ = {isa = PBXBuildFile; fileRef = AE884DBD1B4C3B94008BB3BC /* SpecsAppDelegate.swift */; };
		AE884DDD1B4C49A5008BB3BC /* Cedar.framework in Frameworks */ = {isa = PBXBuildFile; fileRef = AE884DDC1B4C49A3008BB3BC /* Cedar.framework */; };
/* End PBXBuildFile section */

/* Begin PBXFileReference section */
		AE5AA6A51B4C857E00C2DD6F /* Nimble.framework */ = {isa = PBXFileReference; lastKnownFileType = wrapper.framework; name = Nimble.framework; path = Carthage/Build/iOS/Nimble.framework; sourceTree = "<group>"; };
		AE5AA6A71B4C871100C2DD6F /* ExampleSpec.swift */ = {isa = PBXFileReference; fileEncoding = 4; lastKnownFileType = sourcecode.swift; path = ExampleSpec.swift; sourceTree = "<group>"; };
		AE5AA6D71B4CA46F00C2DD6F /* NimbleCedarAssertionHandler.swift */ = {isa = PBXFileReference; fileEncoding = 4; lastKnownFileType = sourcecode.swift; path = NimbleCedarAssertionHandler.swift; sourceTree = "<group>"; };
		AE884D901B4C38B2008BB3BC /* SwiftAppUsingCedar.app */ = {isa = PBXFileReference; explicitFileType = wrapper.application; includeInIndex = 0; path = SwiftAppUsingCedar.app; sourceTree = BUILT_PRODUCTS_DIR; };
		AE884D941B4C38B2008BB3BC /* Info.plist */ = {isa = PBXFileReference; lastKnownFileType = text.plist.xml; path = Info.plist; sourceTree = "<group>"; };
		AE884D951B4C38B2008BB3BC /* AppDelegate.swift */ = {isa = PBXFileReference; lastKnownFileType = sourcecode.swift; path = AppDelegate.swift; sourceTree = "<group>"; };
		AE884D971B4C38B2008BB3BC /* ViewController.swift */ = {isa = PBXFileReference; lastKnownFileType = sourcecode.swift; path = ViewController.swift; sourceTree = "<group>"; };
		AE884D9A1B4C38B2008BB3BC /* Base */ = {isa = PBXFileReference; lastKnownFileType = file.storyboard; name = Base; path = Base.lproj/Main.storyboard; sourceTree = "<group>"; };
		AE884D9C1B4C38B2008BB3BC /* Images.xcassets */ = {isa = PBXFileReference; lastKnownFileType = folder.assetcatalog; path = Images.xcassets; sourceTree = "<group>"; };
		AE884D9F1B4C38B2008BB3BC /* Base */ = {isa = PBXFileReference; lastKnownFileType = file.xib; name = Base; path = Base.lproj/LaunchScreen.xib; sourceTree = "<group>"; };
		AE884DB91B4C3B94008BB3BC /* Specs.app */ = {isa = PBXFileReference; explicitFileType = wrapper.application; includeInIndex = 0; path = Specs.app; sourceTree = BUILT_PRODUCTS_DIR; };
		AE884DBC1B4C3B94008BB3BC /* Info.plist */ = {isa = PBXFileReference; lastKnownFileType = text.plist.xml; path = Info.plist; sourceTree = "<group>"; };
		AE884DBD1B4C3B94008BB3BC /* SpecsAppDelegate.swift */ = {isa = PBXFileReference; lastKnownFileType = sourcecode.swift; path = SpecsAppDelegate.swift; sourceTree = "<group>"; };
		AE884DDC1B4C49A3008BB3BC /* Cedar.framework */ = {isa = PBXFileReference; lastKnownFileType = wrapper.framework; name = Cedar.framework; path = Carthage/Build/iOS/Cedar.framework; sourceTree = "<group>"; };
/* End PBXFileReference section */

/* Begin PBXFrameworksBuildPhase section */
		AE884D8D1B4C38B2008BB3BC /* Frameworks */ = {
			isa = PBXFrameworksBuildPhase;
			buildActionMask = 2147483647;
			files = (
			);
			runOnlyForDeploymentPostprocessing = 0;
		};
		AE884DB61B4C3B94008BB3BC /* Frameworks */ = {
			isa = PBXFrameworksBuildPhase;
			buildActionMask = 2147483647;
			files = (
				AE884DDD1B4C49A5008BB3BC /* Cedar.framework in Frameworks */,
				AE5AA6A61B4C858700C2DD6F /* Nimble.framework in Frameworks */,
			);
			runOnlyForDeploymentPostprocessing = 0;
		};
/* End PBXFrameworksBuildPhase section */

/* Begin PBXGroup section */
		AE884D871B4C38B2008BB3BC = {
			isa = PBXGroup;
			children = (
				AE884DDB1B4C4986008BB3BC /* Carthage */,
				AE884D921B4C38B2008BB3BC /* SwiftAppUsingCedar */,
				AE884DBA1B4C3B94008BB3BC /* Specs */,
				AE884D911B4C38B2008BB3BC /* Products */,
			);
			sourceTree = "<group>";
		};
		AE884D911B4C38B2008BB3BC /* Products */ = {
			isa = PBXGroup;
			children = (
				AE884D901B4C38B2008BB3BC /* SwiftAppUsingCedar.app */,
				AE884DB91B4C3B94008BB3BC /* Specs.app */,
			);
			name = Products;
			sourceTree = "<group>";
		};
		AE884D921B4C38B2008BB3BC /* SwiftAppUsingCedar */ = {
			isa = PBXGroup;
			children = (
				AE884D951B4C38B2008BB3BC /* AppDelegate.swift */,
				AE884D971B4C38B2008BB3BC /* ViewController.swift */,
				AE884D991B4C38B2008BB3BC /* Main.storyboard */,
				AE884D9C1B4C38B2008BB3BC /* Images.xcassets */,
				AE884D9E1B4C38B2008BB3BC /* LaunchScreen.xib */,
				AE884D931B4C38B2008BB3BC /* Supporting Files */,
			);
			path = SwiftAppUsingCedar;
			sourceTree = "<group>";
		};
		AE884D931B4C38B2008BB3BC /* Supporting Files */ = {
			isa = PBXGroup;
			children = (
				AE884D941B4C38B2008BB3BC /* Info.plist */,
			);
			name = "Supporting Files";
			sourceTree = "<group>";
		};
		AE884DBA1B4C3B94008BB3BC /* Specs */ = {
			isa = PBXGroup;
			children = (
				AE5AA6A71B4C871100C2DD6F /* ExampleSpec.swift */,
				AE884DBD1B4C3B94008BB3BC /* SpecsAppDelegate.swift */,
				AE884DBB1B4C3B94008BB3BC /* Supporting Files */,
				AE5AA6D71B4CA46F00C2DD6F /* NimbleCedarAssertionHandler.swift */,
			);
			path = Specs;
			sourceTree = "<group>";
		};
		AE884DBB1B4C3B94008BB3BC /* Supporting Files */ = {
			isa = PBXGroup;
			children = (
				AE884DBC1B4C3B94008BB3BC /* Info.plist */,
			);
			name = "Supporting Files";
			sourceTree = "<group>";
		};
		AE884DDB1B4C4986008BB3BC /* Carthage */ = {
			isa = PBXGroup;
			children = (
				AE5AA6A51B4C857E00C2DD6F /* Nimble.framework */,
				AE884DDC1B4C49A3008BB3BC /* Cedar.framework */,
			);
			name = Carthage;
			sourceTree = "<group>";
		};
/* End PBXGroup section */

/* Begin PBXNativeTarget section */
		AE884D8F1B4C38B2008BB3BC /* SwiftAppUsingCedar */ = {
			isa = PBXNativeTarget;
			buildConfigurationList = AE884DAF1B4C38B2008BB3BC /* Build configuration list for PBXNativeTarget "SwiftAppUsingCedar" */;
			buildPhases = (
				AE884D8C1B4C38B2008BB3BC /* Sources */,
				AE884D8D1B4C38B2008BB3BC /* Frameworks */,
				AE884D8E1B4C38B2008BB3BC /* Resources */,
			);
			buildRules = (
			);
			dependencies = (
			);
			name = SwiftAppUsingCedar;
			productName = SwiftAppUsingCedar;
			productReference = AE884D901B4C38B2008BB3BC /* SwiftAppUsingCedar.app */;
			productType = "com.apple.product-type.application";
		};
		AE884DB81B4C3B94008BB3BC /* Specs */ = {
			isa = PBXNativeTarget;
			buildConfigurationList = AE884DD51B4C3B94008BB3BC /* Build configuration list for PBXNativeTarget "Specs" */;
			buildPhases = (
				AE884DB51B4C3B94008BB3BC /* Sources */,
				AE884DB61B4C3B94008BB3BC /* Frameworks */,
				AE884DB71B4C3B94008BB3BC /* Resources */,
				AE884DDF1B4C4A14008BB3BC /* Copy Carthage Frameworks */,
			);
			buildRules = (
			);
			dependencies = (
			);
			name = Specs;
			productName = Specs;
			productReference = AE884DB91B4C3B94008BB3BC /* Specs.app */;
			productType = "com.apple.product-type.application";
		};
/* End PBXNativeTarget section */

/* Begin PBXProject section */
		AE884D881B4C38B2008BB3BC /* Project object */ = {
			isa = PBXProject;
			attributes = {
				LastUpgradeCheck = 0630;
				ORGANIZATIONNAME = pivotal;
				TargetAttributes = {
					AE884D8F1B4C38B2008BB3BC = {
						CreatedOnToolsVersion = 6.3;
					};
					AE884DB81B4C3B94008BB3BC = {
						CreatedOnToolsVersion = 6.3;
					};
				};
			};
			buildConfigurationList = AE884D8B1B4C38B2008BB3BC /* Build configuration list for PBXProject "SwiftAppUsingCedar" */;
			compatibilityVersion = "Xcode 3.2";
			developmentRegion = English;
			hasScannedForEncodings = 0;
			knownRegions = (
				en,
				Base,
			);
			mainGroup = AE884D871B4C38B2008BB3BC;
			productRefGroup = AE884D911B4C38B2008BB3BC /* Products */;
			projectDirPath = "";
			projectRoot = "";
			targets = (
				AE884D8F1B4C38B2008BB3BC /* SwiftAppUsingCedar */,
				AE884DB81B4C3B94008BB3BC /* Specs */,
			);
		};
/* End PBXProject section */

/* Begin PBXResourcesBuildPhase section */
		AE884D8E1B4C38B2008BB3BC /* Resources */ = {
			isa = PBXResourcesBuildPhase;
			buildActionMask = 2147483647;
			files = (
				AE884D9B1B4C38B2008BB3BC /* Main.storyboard in Resources */,
				AE884DA01B4C38B2008BB3BC /* LaunchScreen.xib in Resources */,
				AE884D9D1B4C38B2008BB3BC /* Images.xcassets in Resources */,
			);
			runOnlyForDeploymentPostprocessing = 0;
		};
		AE884DB71B4C3B94008BB3BC /* Resources */ = {
			isa = PBXResourcesBuildPhase;
			buildActionMask = 2147483647;
			files = (
			);
			runOnlyForDeploymentPostprocessing = 0;
		};
/* End PBXResourcesBuildPhase section */

/* Begin PBXShellScriptBuildPhase section */
		AE884DDF1B4C4A14008BB3BC /* Copy Carthage Frameworks */ = {
			isa = PBXShellScriptBuildPhase;
			buildActionMask = 2147483647;
			files = (
			);
			inputPaths = (
				"$(SRCROOT)/Carthage/Build/iOS/Cedar.framework",
				"$(SRCROOT)/Carthage/Build/iOS/Nimble.framework",
			);
			name = "Copy Carthage Frameworks";
			outputPaths = (
			);
			runOnlyForDeploymentPostprocessing = 0;
			shellPath = /bin/sh;
			shellScript = "/usr/local/bin/carthage copy-frameworks";
		};
/* End PBXShellScriptBuildPhase section */

/* Begin PBXSourcesBuildPhase section */
		AE884D8C1B4C38B2008BB3BC /* Sources */ = {
			isa = PBXSourcesBuildPhase;
			buildActionMask = 2147483647;
			files = (
				AE884D981B4C38B2008BB3BC /* ViewController.swift in Sources */,
				AE884D961B4C38B2008BB3BC /* AppDelegate.swift in Sources */,
			);
			runOnlyForDeploymentPostprocessing = 0;
		};
		AE884DB51B4C3B94008BB3BC /* Sources */ = {
			isa = PBXSourcesBuildPhase;
			buildActionMask = 2147483647;
			files = (
				AE884DBE1B4C3B94008BB3BC /* SpecsAppDelegate.swift in Sources */,
				AE5AA6D81B4CA46F00C2DD6F /* NimbleCedarAssertionHandler.swift in Sources */,
				AE5AA6B81B4C87F200C2DD6F /* ExampleSpec.swift in Sources */,
			);
			runOnlyForDeploymentPostprocessing = 0;
		};
/* End PBXSourcesBuildPhase section */

/* Begin PBXVariantGroup section */
		AE884D991B4C38B2008BB3BC /* Main.storyboard */ = {
			isa = PBXVariantGroup;
			children = (
				AE884D9A1B4C38B2008BB3BC /* Base */,
			);
			name = Main.storyboard;
			sourceTree = "<group>";
		};
		AE884D9E1B4C38B2008BB3BC /* LaunchScreen.xib */ = {
			isa = PBXVariantGroup;
			children = (
				AE884D9F1B4C38B2008BB3BC /* Base */,
			);
			name = LaunchScreen.xib;
			sourceTree = "<group>";
		};
/* End PBXVariantGroup section */

/* Begin XCBuildConfiguration section */
		AE884DAD1B4C38B2008BB3BC /* Debug */ = {
			isa = XCBuildConfiguration;
			buildSettings = {
				ALWAYS_SEARCH_USER_PATHS = NO;
				CLANG_CXX_LANGUAGE_STANDARD = "gnu++0x";
				CLANG_CXX_LIBRARY = "libc++";
				CLANG_ENABLE_MODULES = YES;
				CLANG_ENABLE_OBJC_ARC = YES;
				CLANG_WARN_BOOL_CONVERSION = YES;
				CLANG_WARN_CONSTANT_CONVERSION = YES;
				CLANG_WARN_DIRECT_OBJC_ISA_USAGE = YES_ERROR;
				CLANG_WARN_EMPTY_BODY = YES;
				CLANG_WARN_ENUM_CONVERSION = YES;
				CLANG_WARN_INT_CONVERSION = YES;
				CLANG_WARN_OBJC_ROOT_CLASS = YES_ERROR;
				CLANG_WARN_UNREACHABLE_CODE = YES;
				CLANG_WARN__DUPLICATE_METHOD_MATCH = YES;
				"CODE_SIGN_IDENTITY[sdk=iphoneos*]" = "iPhone Developer";
				COPY_PHASE_STRIP = NO;
				DEBUG_INFORMATION_FORMAT = "dwarf-with-dsym";
				ENABLE_STRICT_OBJC_MSGSEND = YES;
				GCC_C_LANGUAGE_STANDARD = gnu99;
				GCC_DYNAMIC_NO_PIC = NO;
				GCC_NO_COMMON_BLOCKS = YES;
				GCC_OPTIMIZATION_LEVEL = 0;
				GCC_PREPROCESSOR_DEFINITIONS = (
					"DEBUG=1",
					"$(inherited)",
				);
				GCC_SYMBOLS_PRIVATE_EXTERN = NO;
				GCC_WARN_64_TO_32_BIT_CONVERSION = YES;
				GCC_WARN_ABOUT_RETURN_TYPE = YES_ERROR;
				GCC_WARN_UNDECLARED_SELECTOR = YES;
				GCC_WARN_UNINITIALIZED_AUTOS = YES_AGGRESSIVE;
				GCC_WARN_UNUSED_FUNCTION = YES;
				GCC_WARN_UNUSED_VARIABLE = YES;
				IPHONEOS_DEPLOYMENT_TARGET = 8.3;
				MTL_ENABLE_DEBUG_INFO = YES;
				ONLY_ACTIVE_ARCH = YES;
				SDKROOT = iphoneos;
				SWIFT_OPTIMIZATION_LEVEL = "-Onone";
				TARGETED_DEVICE_FAMILY = "1,2";
			};
			name = Debug;
		};
		AE884DAE1B4C38B2008BB3BC /* Release */ = {
			isa = XCBuildConfiguration;
			buildSettings = {
				ALWAYS_SEARCH_USER_PATHS = NO;
				CLANG_CXX_LANGUAGE_STANDARD = "gnu++0x";
				CLANG_CXX_LIBRARY = "libc++";
				CLANG_ENABLE_MODULES = YES;
				CLANG_ENABLE_OBJC_ARC = YES;
				CLANG_WARN_BOOL_CONVERSION = YES;
				CLANG_WARN_CONSTANT_CONVERSION = YES;
				CLANG_WARN_DIRECT_OBJC_ISA_USAGE = YES_ERROR;
				CLANG_WARN_EMPTY_BODY = YES;
				CLANG_WARN_ENUM_CONVERSION = YES;
				CLANG_WARN_INT_CONVERSION = YES;
				CLANG_WARN_OBJC_ROOT_CLASS = YES_ERROR;
				CLANG_WARN_UNREACHABLE_CODE = YES;
				CLANG_WARN__DUPLICATE_METHOD_MATCH = YES;
				"CODE_SIGN_IDENTITY[sdk=iphoneos*]" = "iPhone Developer";
				COPY_PHASE_STRIP = NO;
				DEBUG_INFORMATION_FORMAT = "dwarf-with-dsym";
				ENABLE_NS_ASSERTIONS = NO;
				ENABLE_STRICT_OBJC_MSGSEND = YES;
				GCC_C_LANGUAGE_STANDARD = gnu99;
				GCC_NO_COMMON_BLOCKS = YES;
				GCC_WARN_64_TO_32_BIT_CONVERSION = YES;
				GCC_WARN_ABOUT_RETURN_TYPE = YES_ERROR;
				GCC_WARN_UNDECLARED_SELECTOR = YES;
				GCC_WARN_UNINITIALIZED_AUTOS = YES_AGGRESSIVE;
				GCC_WARN_UNUSED_FUNCTION = YES;
				GCC_WARN_UNUSED_VARIABLE = YES;
				IPHONEOS_DEPLOYMENT_TARGET = 8.3;
				MTL_ENABLE_DEBUG_INFO = NO;
				SDKROOT = iphoneos;
				TARGETED_DEVICE_FAMILY = "1,2";
				VALIDATE_PRODUCT = YES;
			};
			name = Release;
		};
		AE884DB01B4C38B2008BB3BC /* Debug */ = {
			isa = XCBuildConfiguration;
			buildSettings = {
				ASSETCATALOG_COMPILER_APPICON_NAME = AppIcon;
				INFOPLIST_FILE = SwiftAppUsingCedar/Info.plist;
				LD_RUNPATH_SEARCH_PATHS = "$(inherited) @executable_path/Frameworks";
				PRODUCT_NAME = "$(TARGET_NAME)";
			};
			name = Debug;
		};
		AE884DB11B4C38B2008BB3BC /* Release */ = {
			isa = XCBuildConfiguration;
			buildSettings = {
				ASSETCATALOG_COMPILER_APPICON_NAME = AppIcon;
				INFOPLIST_FILE = SwiftAppUsingCedar/Info.plist;
				LD_RUNPATH_SEARCH_PATHS = "$(inherited) @executable_path/Frameworks";
				PRODUCT_NAME = "$(TARGET_NAME)";
			};
			name = Release;
		};
		AE884DD61B4C3B94008BB3BC /* Debug */ = {
			isa = XCBuildConfiguration;
			buildSettings = {
				ASSETCATALOG_COMPILER_APPICON_NAME = AppIcon;
				FRAMEWORK_SEARCH_PATHS = (
					"$(SDKROOT)/Developer/Library/Frameworks",
					"$(inherited)",
					"$(PROJECT_DIR)/Carthage/Build/iOS",
					/Applications/Xcode.app/Contents/Developer/Platforms/iPhoneSimulator.platform/Developer/Library/Frameworks,
				);
				GCC_PREPROCESSOR_DEFINITIONS = (
					"DEBUG=1",
					"$(inherited)",
				);
				INFOPLIST_FILE = Specs/Info.plist;
				LD_RUNPATH_SEARCH_PATHS = "$(inherited) @executable_path/Frameworks @loader_path/Frameworks /Applications/Xcode.app/Contents/Developer/Platforms/iPhoneSimulator.platform/Developer/Library/Frameworks";
				OTHER_LDFLAGS = (
					"$(inherited)",
					"-framework",
					XCTest,
				);
				PRODUCT_NAME = "$(TARGET_NAME)";
			};
			name = Debug;
		};
		AE884DD71B4C3B94008BB3BC /* Release */ = {
			isa = XCBuildConfiguration;
			buildSettings = {
				ASSETCATALOG_COMPILER_APPICON_NAME = AppIcon;
				FRAMEWORK_SEARCH_PATHS = (
					"$(SDKROOT)/Developer/Library/Frameworks",
					"$(inherited)",
					"$(PROJECT_DIR)/Carthage/Build/iOS",
					/Applications/Xcode.app/Contents/Developer/Platforms/iPhoneSimulator.platform/Developer/Library/Frameworks,
				);
				INFOPLIST_FILE = Specs/Info.plist;
				LD_RUNPATH_SEARCH_PATHS = "$(inherited) @executable_path/Frameworks @loader_path/Frameworks /Applications/Xcode.app/Contents/Developer/Platforms/iPhoneSimulator.platform/Developer/Library/Frameworks";
				OTHER_LDFLAGS = (
					"$(inherited)",
					"-framework",
					XCTest,
				);
				PRODUCT_NAME = "$(TARGET_NAME)";
			};
			name = Release;
		};
/* End XCBuildConfiguration section */

/* Begin XCConfigurationList section */
		AE884D8B1B4C38B2008BB3BC /* Build configuration list for PBXProject "SwiftAppUsingCedar" */ = {
			isa = XCConfigurationList;
			buildConfigurations = (
				AE884DAD1B4C38B2008BB3BC /* Debug */,
				AE884DAE1B4C38B2008BB3BC /* Release */,
			);
			defaultConfigurationIsVisible = 0;
			defaultConfigurationName = Release;
		};
		AE884DAF1B4C38B2008BB3BC /* Build configuration list for PBXNativeTarget "SwiftAppUsingCedar" */ = {
			isa = XCConfigurationList;
			buildConfigurations = (
				AE884DB01B4C38B2008BB3BC /* Debug */,
				AE884DB11B4C38B2008BB3BC /* Release */,
			);
			defaultConfigurationIsVisible = 0;
			defaultConfigurationName = Release;
		};
		AE884DD51B4C3B94008BB3BC /* Build configuration list for PBXNativeTarget "Specs" */ = {
			isa = XCConfigurationList;
			buildConfigurations = (
				AE884DD61B4C3B94008BB3BC /* Debug */,
				AE884DD71B4C3B94008BB3BC /* Release */,
			);
			defaultConfigurationIsVisible = 0;
			defaultConfigurationName = Release;
		};
/* End XCConfigurationList section */
	};
	rootObject = AE884D881B4C38B2008BB3BC /* Project object */;
}
